// !$*UTF8*$!
{
	archiveVersion = 1;
	classes = {
	};
	objectVersion = 50;
	objects = {

/* Begin PBXFileReference section */
		0E234C00251A6A78002B13A1 /* Day9.playground */ = {isa = PBXFileReference; lastKnownFileType = file.playground; path = Day9.playground; sourceTree = "<group>"; xcLanguageSpecificationIdentifier = xcode.lang.swift; };
		0E234C01251A6A78002B13A1 /* Day10.playground */ = {isa = PBXFileReference; lastKnownFileType = file.playground; path = Day10.playground; sourceTree = "<group>"; xcLanguageSpecificationIdentifier = xcode.lang.swift; };
		0E234C02251A6A78002B13A1 /* Day7.playground */ = {isa = PBXFileReference; lastKnownFileType = file.playground; path = Day7.playground; sourceTree = "<group>"; xcLanguageSpecificationIdentifier = xcode.lang.swift; };
		0E234C03251A6A78002B13A1 /* Day3.playground */ = {isa = PBXFileReference; lastKnownFileType = file.playground; path = Day3.playground; sourceTree = "<group>"; xcLanguageSpecificationIdentifier = xcode.lang.swift; };
		0E234C04251A6A78002B13A1 /* Day8.playground */ = {isa = PBXFileReference; lastKnownFileType = file.playground; path = Day8.playground; sourceTree = "<group>"; xcLanguageSpecificationIdentifier = xcode.lang.swift; };
		0E234C05251A6A79002B13A1 /* Day11.playground */ = {isa = PBXFileReference; lastKnownFileType = file.playground; path = Day11.playground; sourceTree = "<group>"; xcLanguageSpecificationIdentifier = xcode.lang.swift; };
		0E234C06251A6A79002B13A1 /* Day12.playground */ = {isa = PBXFileReference; lastKnownFileType = file.playground; path = Day12.playground; sourceTree = "<group>"; xcLanguageSpecificationIdentifier = xcode.lang.swift; };
		0E234C07251A6A79002B13A1 /* Day4.playground */ = {isa = PBXFileReference; lastKnownFileType = file.playground; path = Day4.playground; sourceTree = "<group>"; xcLanguageSpecificationIdentifier = xcode.lang.swift; };
		0E234C08251A6A79002B13A1 /* Day5.playground */ = {isa = PBXFileReference; lastKnownFileType = file.playground; path = Day5.playground; sourceTree = "<group>"; xcLanguageSpecificationIdentifier = xcode.lang.swift; };
		0E234C09251A6A79002B13A1 /* Day1.playground */ = {isa = PBXFileReference; lastKnownFileType = file.playground; path = Day1.playground; sourceTree = "<group>"; xcLanguageSpecificationIdentifier = xcode.lang.swift; };
		0E234C0A251A6A7A002B13A1 /* Day6.playground */ = {isa = PBXFileReference; lastKnownFileType = file.playground; path = Day6.playground; sourceTree = "<group>"; xcLanguageSpecificationIdentifier = xcode.lang.swift; };
		0E234C0B251A6A7A002B13A1 /* Day2.playground */ = {isa = PBXFileReference; lastKnownFileType = file.playground; path = Day2.playground; sourceTree = "<group>"; xcLanguageSpecificationIdentifier = xcode.lang.swift; };
/* End PBXFileReference section */

/* Begin PBXGroup section */
		0E234BF9251A69F9002B13A1 = {
			isa = PBXGroup;
			children = (
				0E234C09251A6A79002B13A1 /* Day1.playground */,
				0E234C0B251A6A7A002B13A1 /* Day2.playground */,
				0E234C03251A6A78002B13A1 /* Day3.playground */,
				0E234C07251A6A79002B13A1 /* Day4.playground */,
				0E234C08251A6A79002B13A1 /* Day5.playground */,
				0E234C0A251A6A7A002B13A1 /* Day6.playground */,
				0E234C02251A6A78002B13A1 /* Day7.playground */,
				0E234C04251A6A78002B13A1 /* Day8.playground */,
				0E234C00251A6A78002B13A1 /* Day9.playground */,
				0E234C01251A6A78002B13A1 /* Day10.playground */,
				0E234C05251A6A79002B13A1 /* Day11.playground */,
				0E234C06251A6A79002B13A1 /* Day12.playground */,
			);
			sourceTree = "<group>";
		};
/* End PBXGroup section */

/* Begin PBXProject section */
		0E234BFA251A69F9002B13A1 /* Project object */ = {
			isa = PBXProject;
			attributes = {
				LastUpgradeCheck = 1200;
			};
			buildConfigurationList = 0E234BFD251A69F9002B13A1 /* Build configuration list for PBXProject "SwiftFundamentals" */;
			compatibilityVersion = "Xcode 9.3";
			developmentRegion = en;
			hasScannedForEncodings = 0;
			knownRegions = (
				en,
				Base,
			);
			mainGroup = 0E234BF9251A69F9002B13A1;
			projectDirPath = "";
			projectRoot = "";
			targets = (
			);
		};
/* End PBXProject section */

/* Begin XCBuildConfiguration section */
		0E234BFE251A69F9002B13A1 /* Debug */ = {
			isa = XCBuildConfiguration;
			buildSettings = {
			};
			name = Debug;
		};
		0E234BFF251A69F9002B13A1 /* Release */ = {
			isa = XCBuildConfiguration;
			buildSettings = {
			};
			name = Release;
		};
/* End XCBuildConfiguration section */

/* Begin XCConfigurationList section */
		0E234BFD251A69F9002B13A1 /* Build configuration list for PBXProject "SwiftFundamentals" */ = {
			isa = XCConfigurationList;
			buildConfigurations = (
				0E234BFE251A69F9002B13A1 /* Debug */,
				0E234BFF251A69F9002B13A1 /* Release */,
			);
			defaultConfigurationIsVisible = 0;
			defaultConfigurationName = Release;
		};
/* End XCConfigurationList section */
	};
	rootObject = 0E234BFA251A69F9002B13A1 /* Project object */;
}
